
Microsoft Visual Studio Solution File, Format Version 12.00
# Visual Studio Version 17
VisualStudioVersion = 17.9.34616.47
MinimumVisualStudioVersion = 10.0.40219.1
Project("{FAE04EC0-301F-11D3-BF4B-00C04F79EFBC}") = "Ders2", "Asenkron.Multithread.Programming\Ders2.csproj", "{A356797E-285E-4F84-90D9-6A99928B05EA}"
EndProject
Global
	GlobalSection(SolutionConfigurationPlatforms) = preSolution
		Debug|Any CPU = Debug|Any CPU
		Release|Any CPU = Release|Any CPU
	EndGlobalSection
	GlobalSection(ProjectConfigurationPlatforms) = postSolution
		{A356797E-285E-4F84-90D9-6A99928B05EA}.Debug|Any CPU.ActiveCfg = Debug|Any CPU
		{A356797E-285E-4F84-90D9-6A99928B05EA}.Debug|Any CPU.Build.0 = Debug|Any CPU
		{A356797E-285E-4F84-90D9-6A99928B05EA}.Release|Any CPU.ActiveCfg = Release|Any CPU
		{A356797E-285E-4F84-90D9-6A99928B05EA}.Release|Any CPU.Build.0 = Release|Any CPU
	EndGlobalSection
	GlobalSection(SolutionProperties) = preSolution
		HideSolutionNode = FALSE
	EndGlobalSection
	GlobalSection(ExtensibilityGlobals) = postSolution
		SolutionGuid = {5AC5F29B-129B-43D8-8D2C-040C28F6E9A9}
	EndGlobalSection
EndGlobal
